
Microsoft Visual Studio Solution File, Format Version 12.00
# Visual Studio 15
VisualStudioVersion = 15.0.27703.2042
MinimumVisualStudioVersion = 10.0.40219.1
Project("{FAE04EC0-301F-11D3-BF4B-00C04F79EFBC}") = "BulletCasingMote", "BulletCasingMote\BulletCasingMote.csproj", "{95D28EB6-D27A-4532-A03C-08B12BBD6113}"
EndProject
Global
	GlobalSection(SolutionConfigurationPlatforms) = preSolution
		Debug|Any CPU = Debug|Any CPU
		Release|Any CPU = Release|Any CPU
	EndGlobalSection
	GlobalSection(ProjectConfigurationPlatforms) = postSolution
		{95D28EB6-D27A-4532-A03C-08B12BBD6113}.Debug|Any CPU.ActiveCfg = Debug|Any CPU
		{95D28EB6-D27A-4532-A03C-08B12BBD6113}.Debug|Any CPU.Build.0 = Debug|Any CPU
		{95D28EB6-D27A-4532-A03C-08B12BBD6113}.Release|Any CPU.ActiveCfg = Release|Any CPU
		{95D28EB6-D27A-4532-A03C-08B12BBD6113}.Release|Any CPU.Build.0 = Release|Any CPU
	EndGlobalSection
	GlobalSection(SolutionProperties) = preSolution
		HideSolutionNode = FALSE
	EndGlobalSection
	GlobalSection(ExtensibilityGlobals) = postSolution
		SolutionGuid = {50ADB173-4178-427E-A9C6-0703301696E5}
	EndGlobalSection
EndGlobal
